{
  "name": "billing-control-frontend-vendor",
  "version": "1.0.0",
  "lockfileVersion": 3,
  "requires": true,
  "packages": {
    "": {
      "name": "billing-control-frontend-vendor",
      "version": "1.0.0",
      "dependencies": {
        "datatables.net-dt": "3.1.1"
      }
    },
    "node_modules/datatables.net": {
      "version": "3.1.1",
      "resolved": "https://registry.npmjs.org/datatables.net/-/datatables.net-3.1.1.tgz",
      "integrity": "sha512-dETxh14+KkQrFTZFIVtnKuIcNuglSLnraITbvrkztA+2yM6AeNtEAiMVucZ5o6vkJnJrtoApSALggSmc0czs0w==",
      "license": "MIT"
    },
    "node_modules/datatables.net-dt": {
      "version": "3.1.1",
      "resolved": "https://registry.npmjs.org/datatables.net-dt/-/datatables.net-dt-3.1.1.tgz",
      "integrity": "sha512-CeooC2ByHWu4fUpVxBvgimCseR1/1gr8IjO34BjYmZ4pUp6cNEkCzx49uzK0AnFqDR3v32Hue9BDAf9BnFMxxA==",
      "license": "MIT",
      "dependencies": {
        "datatables.net": "3.1.1"
      }
    }
  }
}
